
Microsoft Visual Studio Solution File, Format Version 12.00
# Visual Studio 14
VisualStudioVersion = 14.0.25420.1
MinimumVisualStudioVersion = 10.0.40219.1
Project("{FAE04EC0-301F-11D3-BF4B-00C04F79EFBC}") = "WhatKindOfGames", "WhatKindOfGames.csproj", "{28811BD8-7F16-49ED-98AC-E8206F65114E}"
EndProject
Global
	GlobalSection(SolutionConfigurationPlatforms) = preSolution
		Debug|Any CPU = Debug|Any CPU
		Release|Any CPU = Release|Any CPU
	EndGlobalSection
	GlobalSection(ProjectConfigurationPlatforms) = postSolution
		{28811BD8-7F16-49ED-98AC-E8206F65114E}.Debug|Any CPU.ActiveCfg = Debug|Any CPU
		{28811BD8-7F16-49ED-98AC-E8206F65114E}.Debug|Any CPU.Build.0 = Debug|Any CPU
		{28811BD8-7F16-49ED-98AC-E8206F65114E}.Release|Any CPU.ActiveCfg = Release|Any CPU
		{28811BD8-7F16-49ED-98AC-E8206F65114E}.Release|Any CPU.Build.0 = Release|Any CPU
	EndGlobalSection
	GlobalSection(SolutionProperties) = preSolution
		HideSolutionNode = FALSE
	EndGlobalSection
EndGlobal
